# THIS IS AN AUTOGENERATED FILE. DO NOT EDIT THIS FILE DIRECTLY.
# yarn lockfile v1


"@goodforonefare/direct-dependency-1@^0.0.3":
  version "0.0.3"
  resolved "https://registry.yarnpkg.com/@goodforonefare/direct-dependency-1/-/direct-dependency-1-0.0.3.tgz#cf6f11c1ea8e1f1f43205aa97049cc0221c30550"
  dependencies:
    "@goodforonefare/nested-dependency" "<=0.1.0"

"@goodforonefare/direct-dependency-2@^0.0.3":
  version "0.0.3"
  resolved "https://registry.yarnpkg.com/@goodforonefare/direct-dependency-2/-/direct-dependency-2-0.0.3.tgz#cb9563e06031b59838a6e7f9f0b27dc2c312cd00"
  dependencies:
    "@goodforonefare/nested-dependency" ">=0.1.0"

"@goodforonefare/nested-dependency@0.1.0", "@goodforonefare/nested-dependency@<=0.1.0", "@goodforonefare/nested-dependency@>=0.1.0":
  version "0.1.0"
  resolved "https://registry.yarnpkg.com/@goodforonefare/nested-dependency/-/nested-dependency-0.1.0.tgz#03d2aa1db26a294127416653576925e2a323d957"
